Microsoft Visual Studio Solution File, Format Version 12.00
# Visual Studio Version 17
VisualStudioVersion = 17.5.2.0
MinimumVisualStudioVersion = 10.0.40219.1
Project("{FAE04EC0-301F-11D3-BF4B-00C04F79EFBC}") = "toggle-taskbar", "toggle-taskbar.csproj", "{DECC546A-EB12-69DC-DCE6-ABBEC1482D37}"
EndProject
Global
	GlobalSection(SolutionConfigurationPlatforms) = preSolution
		Debug|Any CPU = Debug|Any CPU
		Release|Any CPU = Release|Any CPU
	EndGlobalSection
	GlobalSection(ProjectConfigurationPlatforms) = postSolution
		{DECC546A-EB12-69DC-DCE6-ABBEC1482D37}.Debug|Any CPU.ActiveCfg = Debug|Any CPU
		{DECC546A-EB12-69DC-DCE6-ABBEC1482D37}.Debug|Any CPU.Build.0 = Debug|Any CPU
		{DECC546A-EB12-69DC-DCE6-ABBEC1482D37}.Release|Any CPU.ActiveCfg = Release|Any CPU
		{DECC546A-EB12-69DC-DCE6-ABBEC1482D37}.Release|Any CPU.Build.0 = Release|Any CPU
	EndGlobalSection
	GlobalSection(SolutionProperties) = preSolution
		HideSolutionNode = FALSE
	EndGlobalSection
	GlobalSection(ExtensibilityGlobals) = postSolution
		SolutionGuid = {28934C3F-DBEF-4B31-964E-714C3AE68B69}
	EndGlobalSection
EndGlobal
